
Microsoft Visual Studio Solution File, Format Version 12.00
# Visual Studio Version 17
VisualStudioVersion = 17.2.32901.213
MinimumVisualStudioVersion = 10.0.40219.1
Project("{9A19103F-16F7-4668-BE54-9A1E7A4F7556}") = "ParserLib", "..\ParserLib\ParserLib.csproj", "{B4331A48-35F2-4C29-A856-F0A2E2DFA4C9}"
EndProject
Project("{FAE04EC0-301F-11D3-BF4B-00C04F79EFBC}") = "3DCanvasApp", "3DCanvasApp.csproj", "{D88A0F59-6D07-484C-80A7-D60EA1F8DDBE}"
EndProject
Project("{9A19103F-16F7-4668-BE54-9A1E7A4F7556}") = "BenchmarkParser", "..\BenchmarkParser\BenchmarkParser.csproj", "{1FA6F500-07C7-41C4-B903-B56D6F6D9D7B}"
EndProject
Global
	GlobalSection(SolutionConfigurationPlatforms) = preSolution
		Debug|Any CPU = Debug|Any CPU
		Debug|x86 = Debug|x86
		Release|Any CPU = Release|Any CPU
		Release|x86 = Release|x86
	EndGlobalSection
	GlobalSection(ProjectConfigurationPlatforms) = postSolution
		{B4331A48-35F2-4C29-A856-F0A2E2DFA4C9}.Debug|Any CPU.ActiveCfg = Debug|Any CPU
		{B4331A48-35F2-4C29-A856-F0A2E2DFA4C9}.Debug|Any CPU.Build.0 = Debug|Any CPU
		{B4331A48-35F2-4C29-A856-F0A2E2DFA4C9}.Debug|x86.ActiveCfg = Debug|Any CPU
		{B4331A48-35F2-4C29-A856-F0A2E2DFA4C9}.Debug|x86.Build.0 = Debug|Any CPU
		{B4331A48-35F2-4C29-A856-F0A2E2DFA4C9}.Release|Any CPU.ActiveCfg = Release|Any CPU
		{B4331A48-35F2-4C29-A856-F0A2E2DFA4C9}.Release|Any CPU.Build.0 = Release|Any CPU
		{B4331A48-35F2-4C29-A856-F0A2E2DFA4C9}.Release|x86.ActiveCfg = Release|Any CPU
		{B4331A48-35F2-4C29-A856-F0A2E2DFA4C9}.Release|x86.Build.0 = Release|Any CPU
		{D88A0F59-6D07-484C-80A7-D60EA1F8DDBE}.Debug|Any CPU.ActiveCfg = Debug|Any CPU
		{D88A0F59-6D07-484C-80A7-D60EA1F8DDBE}.Debug|Any CPU.Build.0 = Debug|Any CPU
		{D88A0F59-6D07-484C-80A7-D60EA1F8DDBE}.Debug|x86.ActiveCfg = Debug|Any CPU
		{D88A0F59-6D07-484C-80A7-D60EA1F8DDBE}.Debug|x86.Build.0 = Debug|Any CPU
		{D88A0F59-6D07-484C-80A7-D60EA1F8DDBE}.Release|Any CPU.ActiveCfg = Release|Any CPU
		{D88A0F59-6D07-484C-80A7-D60EA1F8DDBE}.Release|Any CPU.Build.0 = Release|Any CPU
		{D88A0F59-6D07-484C-80A7-D60EA1F8DDBE}.Release|x86.ActiveCfg = Release|Any CPU
		{D88A0F59-6D07-484C-80A7-D60EA1F8DDBE}.Release|x86.Build.0 = Release|Any CPU
		{1FA6F500-07C7-41C4-B903-B56D6F6D9D7B}.Debug|Any CPU.ActiveCfg = Debug|Any CPU
		{1FA6F500-07C7-41C4-B903-B56D6F6D9D7B}.Debug|Any CPU.Build.0 = Debug|Any CPU
		{1FA6F500-07C7-41C4-B903-B56D6F6D9D7B}.Debug|x86.ActiveCfg = Debug|x86
		{1FA6F500-07C7-41C4-B903-B56D6F6D9D7B}.Debug|x86.Build.0 = Debug|x86
		{1FA6F500-07C7-41C4-B903-B56D6F6D9D7B}.Release|Any CPU.ActiveCfg = Release|Any CPU
		{1FA6F500-07C7-41C4-B903-B56D6F6D9D7B}.Release|Any CPU.Build.0 = Release|Any CPU
		{1FA6F500-07C7-41C4-B903-B56D6F6D9D7B}.Release|x86.ActiveCfg = Release|x86
		{1FA6F500-07C7-41C4-B903-B56D6F6D9D7B}.Release|x86.Build.0 = Release|x86
	EndGlobalSection
	GlobalSection(SolutionProperties) = preSolution
		HideSolutionNode = FALSE
	EndGlobalSection
	GlobalSection(ExtensibilityGlobals) = postSolution
		SolutionGuid = {9AA648C4-7740-4170-A04D-499CC7DEC70B}
	EndGlobalSection
EndGlobal
